// !$*UTF8*$!
{
	archiveVersion = 1;
	classes = {
	};
	objectVersion = 56;
	objects = {

/* Begin PBXBuildFile section */
		872154C82A4A176B00BDC17A /* Assets.xcassets in Resources */ = {isa = PBXBuildFile; fileRef = 872154BD2A4A176B00BDC17A /* Assets.xcassets */; };
		872154C92A4A176B00BDC17A /* SmokeLayer.swift in Sources */ = {isa = PBXBuildFile; fileRef = 872154BE2A4A176B00BDC17A /* SmokeLayer.swift */; };
		872154CA2A4A176B00BDC17A /* MugHandleLayer.swift in Sources */ = {isa = PBXBuildFile; fileRef = 872154BF2A4A176B00BDC17A /* MugHandleLayer.swift */; };
		872154CB2A4A176B00BDC17A /* LaunchScreen.storyboard in Resources */ = {isa = PBXBuildFile; fileRef = 872154C12A4A176B00BDC17A /* LaunchScreen.storyboard */; };
		872154CC2A4A176B00BDC17A /* Main.storyboard in Resources */ = {isa = PBXBuildFile; fileRef = 872154C32A4A176B00BDC17A /* Main.storyboard */; };
		872154CD2A4A176B00BDC17A /* MugFillLayer.swift in Sources */ = {isa = PBXBuildFile; fileRef = 872154C52A4A176B00BDC17A /* MugFillLayer.swift */; };
		872154CE2A4A176B00BDC17A /* MugView.swift in Sources */ = {isa = PBXBuildFile; fileRef = 872154C62A4A176B00BDC17A /* MugView.swift */; };
		872154CF2A4A176B00BDC17A /* MugLayer.swift in Sources */ = {isa = PBXBuildFile; fileRef = 872154C72A4A176B00BDC17A /* MugLayer.swift */; };
		872154D12A4A17AE00BDC17A /* UIColor+Extensions.swift in Sources */ = {isa = PBXBuildFile; fileRef = 872154D02A4A17AE00BDC17A /* UIColor+Extensions.swift */; };
		875334212A4A1736002BAD7B /* AppDelegate.swift in Sources */ = {isa = PBXBuildFile; fileRef = 875334202A4A1736002BAD7B /* AppDelegate.swift */; };
		875334232A4A1736002BAD7B /* SceneDelegate.swift in Sources */ = {isa = PBXBuildFile; fileRef = 875334222A4A1736002BAD7B /* SceneDelegate.swift */; };
		875334252A4A1736002BAD7B /* ViewController.swift in Sources */ = {isa = PBXBuildFile; fileRef = 875334242A4A1736002BAD7B /* ViewController.swift */; };
		875334282A4A1736002BAD7B /* Main.storyboard in Resources */ = {isa = PBXBuildFile; fileRef = 875334262A4A1736002BAD7B /* Main.storyboard */; };
		8753342A2A4A1736002BAD7B /* Assets.xcassets in Resources */ = {isa = PBXBuildFile; fileRef = 875334292A4A1736002BAD7B /* Assets.xcassets */; };
		8753342D2A4A1736002BAD7B /* LaunchScreen.storyboard in Resources */ = {isa = PBXBuildFile; fileRef = 8753342B2A4A1736002BAD7B /* LaunchScreen.storyboard */; };
/* End PBXBuildFile section */

/* Begin PBXFileReference section */
		872154BD2A4A176B00BDC17A /* Assets.xcassets */ = {isa = PBXFileReference; lastKnownFileType = folder.assetcatalog; path = Assets.xcassets; sourceTree = "<group>"; };
		872154BE2A4A176B00BDC17A /* SmokeLayer.swift */ = {isa = PBXFileReference; fileEncoding = 4; lastKnownFileType = sourcecode.swift; path = SmokeLayer.swift; sourceTree = "<group>"; };
		872154BF2A4A176B00BDC17A /* MugHandleLayer.swift */ = {isa = PBXFileReference; fileEncoding = 4; lastKnownFileType = sourcecode.swift; path = MugHandleLayer.swift; sourceTree = "<group>"; };
		872154C22A4A176B00BDC17A /* Base */ = {isa = PBXFileReference; lastKnownFileType = file.storyboard; name = Base; path = LaunchScreen.storyboard; sourceTree = "<group>"; };
		872154C42A4A176B00BDC17A /* Base */ = {isa = PBXFileReference; lastKnownFileType = file.storyboard; name = Base; path = Main.storyboard; sourceTree = "<group>"; };
		872154C52A4A176B00BDC17A /* MugFillLayer.swift */ = {isa = PBXFileReference; fileEncoding = 4; lastKnownFileType = sourcecode.swift; path = MugFillLayer.swift; sourceTree = "<group>"; };
		872154C62A4A176B00BDC17A /* MugView.swift */ = {isa = PBXFileReference; fileEncoding = 4; lastKnownFileType = sourcecode.swift; path = MugView.swift; sourceTree = "<group>"; };
		872154C72A4A176B00BDC17A /* MugLayer.swift */ = {isa = PBXFileReference; fileEncoding = 4; lastKnownFileType = sourcecode.swift; path = MugLayer.swift; sourceTree = "<group>"; };
		872154D02A4A17AE00BDC17A /* UIColor+Extensions.swift */ = {isa = PBXFileReference; lastKnownFileType = sourcecode.swift; path = "UIColor+Extensions.swift"; sourceTree = "<group>"; };
		8753341D2A4A1736002BAD7B /* MugAnimation.app */ = {isa = PBXFileReference; explicitFileType = wrapper.application; includeInIndex = 0; path = MugAnimation.app; sourceTree = BUILT_PRODUCTS_DIR; };
		875334202A4A1736002BAD7B /* AppDelegate.swift */ = {isa = PBXFileReference; lastKnownFileType = sourcecode.swift; path = AppDelegate.swift; sourceTree = "<group>"; };
		875334222A4A1736002BAD7B /* SceneDelegate.swift */ = {isa = PBXFileReference; lastKnownFileType = sourcecode.swift; path = SceneDelegate.swift; sourceTree = "<group>"; };
		875334242A4A1736002BAD7B /* ViewController.swift */ = {isa = PBXFileReference; lastKnownFileType = sourcecode.swift; path = ViewController.swift; sourceTree = "<group>"; };
		875334272A4A1736002BAD7B /* Base */ = {isa = PBXFileReference; lastKnownFileType = file.storyboard; name = Base; path = Base.lproj/Main.storyboard; sourceTree = "<group>"; };
		875334292A4A1736002BAD7B /* Assets.xcassets */ = {isa = PBXFileReference; lastKnownFileType = folder.assetcatalog; path = Assets.xcassets; sourceTree = "<group>"; };
		8753342C2A4A1736002BAD7B /* Base */ = {isa = PBXFileReference; lastKnownFileType = file.storyboard; name = Base; path = Base.lproj/LaunchScreen.storyboard; sourceTree = "<group>"; };
		8753342E2A4A1736002BAD7B /* Info.plist */ = {isa = PBXFileReference; lastKnownFileType = text.plist.xml; path = Info.plist; sourceTree = "<group>"; };
/* End PBXFileReference section */

/* Begin PBXFrameworksBuildPhase section */
		8753341A2A4A1736002BAD7B /* Frameworks */ = {
			isa = PBXFrameworksBuildPhase;
			buildActionMask = 2147483647;
			files = (
			);
			runOnlyForDeploymentPostprocessing = 0;
		};
/* End PBXFrameworksBuildPhase section */

/* Begin PBXGroup section */
		872154C02A4A176B00BDC17A /* Base.lproj */ = {
			isa = PBXGroup;
			children = (
				872154C12A4A176B00BDC17A /* LaunchScreen.storyboard */,
				872154C32A4A176B00BDC17A /* Main.storyboard */,
			);
			path = Base.lproj;
			sourceTree = "<group>";
		};
		872154D22A4A17C300BDC17A /* Mug */ = {
			isa = PBXGroup;
			children = (
				872154C52A4A176B00BDC17A /* MugFillLayer.swift */,
				872154BF2A4A176B00BDC17A /* MugHandleLayer.swift */,
				872154C72A4A176B00BDC17A /* MugLayer.swift */,
				872154C62A4A176B00BDC17A /* MugView.swift */,
				872154BE2A4A176B00BDC17A /* SmokeLayer.swift */,
			);
			path = Mug;
			sourceTree = "<group>";
		};
		872154D32A4A17D700BDC17A /* Extensions */ = {
			isa = PBXGroup;
			children = (
				872154D02A4A17AE00BDC17A /* UIColor+Extensions.swift */,
			);
			path = Extensions;
			sourceTree = "<group>";
		};
		875334142A4A1736002BAD7B = {
			isa = PBXGroup;
			children = (
				8753341F2A4A1736002BAD7B /* MugAnimation */,
				8753341E2A4A1736002BAD7B /* Products */,
			);
			sourceTree = "<group>";
		};
		8753341E2A4A1736002BAD7B /* Products */ = {
			isa = PBXGroup;
			children = (
				8753341D2A4A1736002BAD7B /* MugAnimation.app */,
			);
			name = Products;
			sourceTree = "<group>";
		};
		8753341F2A4A1736002BAD7B /* MugAnimation */ = {
			isa = PBXGroup;
			children = (
				872154D32A4A17D700BDC17A /* Extensions */,
				872154D22A4A17C300BDC17A /* Mug */,
				872154BD2A4A176B00BDC17A /* Assets.xcassets */,
				872154C02A4A176B00BDC17A /* Base.lproj */,
				875334202A4A1736002BAD7B /* AppDelegate.swift */,
				875334222A4A1736002BAD7B /* SceneDelegate.swift */,
				875334242A4A1736002BAD7B /* ViewController.swift */,
				875334262A4A1736002BAD7B /* Main.storyboard */,
				875334292A4A1736002BAD7B /* Assets.xcassets */,
				8753342B2A4A1736002BAD7B /* LaunchScreen.storyboard */,
				8753342E2A4A1736002BAD7B /* Info.plist */,
			);
			path = MugAnimation;
			sourceTree = "<group>";
		};
/* End PBXGroup section */

/* Begin PBXNativeTarget section */
		8753341C2A4A1736002BAD7B /* MugAnimation */ = {
			isa = PBXNativeTarget;
			buildConfigurationList = 875334312A4A1736002BAD7B /* Build configuration list for PBXNativeTarget "MugAnimation" */;
			buildPhases = (
				875334192A4A1736002BAD7B /* Sources */,
				8753341A2A4A1736002BAD7B /* Frameworks */,
				8753341B2A4A1736002BAD7B /* Resources */,
			);
			buildRules = (
			);
			dependencies = (
			);
			name = MugAnimation;
			productName = MugAnimation;
			productReference = 8753341D2A4A1736002BAD7B /* MugAnimation.app */;
			productType = "com.apple.product-type.application";
		};
/* End PBXNativeTarget section */

/* Begin PBXProject section */
		875334152A4A1736002BAD7B /* Project object */ = {
			isa = PBXProject;
			attributes = {
				BuildIndependentTargetsInParallel = 1;
				LastSwiftUpdateCheck = 1430;
				LastUpgradeCheck = 1430;
				TargetAttributes = {
					8753341C2A4A1736002BAD7B = {
						CreatedOnToolsVersion = 14.3.1;
					};
				};
			};
			buildConfigurationList = 875334182A4A1736002BAD7B /* Build configuration list for PBXProject "MugAnimation" */;
			compatibilityVersion = "Xcode 14.0";
			developmentRegion = en;
			hasScannedForEncodings = 0;
			knownRegions = (
				en,
				Base,
			);
			mainGroup = 875334142A4A1736002BAD7B;
			productRefGroup = 8753341E2A4A1736002BAD7B /* Products */;
			projectDirPath = "";
			projectRoot = "";
			targets = (
				8753341C2A4A1736002BAD7B /* MugAnimation */,
			);
		};
/* End PBXProject section */

/* Begin PBXResourcesBuildPhase section */
		8753341B2A4A1736002BAD7B /* Resources */ = {
			isa = PBXResourcesBuildPhase;
			buildActionMask = 2147483647;
			files = (
				8753342D2A4A1736002BAD7B /* LaunchScreen.storyboard in Resources */,
				8753342A2A4A1736002BAD7B /* Assets.xcassets in Resources */,
				872154C82A4A176B00BDC17A /* Assets.xcassets in Resources */,
				872154CC2A4A176B00BDC17A /* Main.storyboard in Resources */,
				872154CB2A4A176B00BDC17A /* LaunchScreen.storyboard in Resources */,
				875334282A4A1736002BAD7B /* Main.storyboard in Resources */,
			);
			runOnlyForDeploymentPostprocessing = 0;
		};
/* End PBXResourcesBuildPhase section */

/* Begin PBXSourcesBuildPhase section */
		875334192A4A1736002BAD7B /* Sources */ = {
			isa = PBXSourcesBuildPhase;
			buildActionMask = 2147483647;
			files = (
				875334252A4A1736002BAD7B /* ViewController.swift in Sources */,
				872154CA2A4A176B00BDC17A /* MugHandleLayer.swift in Sources */,
				875334212A4A1736002BAD7B /* AppDelegate.swift in Sources */,
				875334232A4A1736002BAD7B /* SceneDelegate.swift in Sources */,
				872154CE2A4A176B00BDC17A /* MugView.swift in Sources */,
				872154CD2A4A176B00BDC17A /* MugFillLayer.swift in Sources */,
				872154C92A4A176B00BDC17A /* SmokeLayer.swift in Sources */,
				872154D12A4A17AE00BDC17A /* UIColor+Extensions.swift in Sources */,
				872154CF2A4A176B00BDC17A /* MugLayer.swift in Sources */,
			);
			runOnlyForDeploymentPostprocessing = 0;
		};
/* End PBXSourcesBuildPhase section */

/* Begin PBXVariantGroup section */
		872154C12A4A176B00BDC17A /* LaunchScreen.storyboard */ = {
			isa = PBXVariantGroup;
			children = (
				872154C22A4A176B00BDC17A /* Base */,
			);
			name = LaunchScreen.storyboard;
			sourceTree = "<group>";
		};
		872154C32A4A176B00BDC17A /* Main.storyboard */ = {
			isa = PBXVariantGroup;
			children = (
				872154C42A4A176B00BDC17A /* Base */,
			);
			name = Main.storyboard;
			sourceTree = "<group>";
		};
		875334262A4A1736002BAD7B /* Main.storyboard */ = {
			isa = PBXVariantGroup;
			children = (
				875334272A4A1736002BAD7B /* Base */,
			);
			name = Main.storyboard;
			sourceTree = "<group>";
		};
		8753342B2A4A1736002BAD7B /* LaunchScreen.storyboard */ = {
			isa = PBXVariantGroup;
			children = (
				8753342C2A4A1736002BAD7B /* Base */,
			);
			name = LaunchScreen.storyboard;
			sourceTree = "<group>";
		};
/* End PBXVariantGroup section */

/* Begin XCBuildConfiguration section */
		8753342F2A4A1736002BAD7B /* Debug */ = {
			isa = XCBuildConfiguration;
			buildSettings = {
				ALWAYS_SEARCH_USER_PATHS = NO;
				CLANG_ANALYZER_NONNULL = YES;
				CLANG_ANALYZER_NUMBER_OBJECT_CONVERSION = YES_AGGRESSIVE;
				CLANG_CXX_LANGUAGE_STANDARD = "gnu++20";
				CLANG_ENABLE_MODULES = YES;
				CLANG_ENABLE_OBJC_ARC = YES;
				CLANG_ENABLE_OBJC_WEAK = YES;
				CLANG_WARN_BLOCK_CAPTURE_AUTORELEASING = YES;
				CLANG_WARN_BOOL_CONVERSION = YES;
				CLANG_WARN_COMMA = YES;
				CLANG_WARN_CONSTANT_CONVERSION = YES;
				CLANG_WARN_DEPRECATED_OBJC_IMPLEMENTATIONS = YES;
				CLANG_WARN_DIRECT_OBJC_ISA_USAGE = YES_ERROR;
				CLANG_WARN_DOCUMENTATION_COMMENTS = YES;
				CLANG_WARN_EMPTY_BODY = YES;
				CLANG_WARN_ENUM_CONVERSION = YES;
				CLANG_WARN_INFINITE_RECURSION = YES;
				CLANG_WARN_INT_CONVERSION = YES;
				CLANG_WARN_NON_LITERAL_NULL_CONVERSION = YES;
				CLANG_WARN_OBJC_IMPLICIT_RETAIN_SELF = YES;
				CLANG_WARN_OBJC_LITERAL_CONVERSION = YES;
				CLANG_WARN_OBJC_ROOT_CLASS = YES_ERROR;
				CLANG_WARN_QUOTED_INCLUDE_IN_FRAMEWORK_HEADER = YES;
				CLANG_WARN_RANGE_LOOP_ANALYSIS = YES;
				CLANG_WARN_STRICT_PROTOTYPES = YES;
				CLANG_WARN_SUSPICIOUS_MOVE = YES;
				CLANG_WARN_UNGUARDED_AVAILABILITY = YES_AGGRESSIVE;
				CLANG_WARN_UNREACHABLE_CODE = YES;
				CLANG_WARN__DUPLICATE_METHOD_MATCH = YES;
				COPY_PHASE_STRIP = NO;
				DEBUG_INFORMATION_FORMAT = dwarf;
				ENABLE_STRICT_OBJC_MSGSEND = YES;
				ENABLE_TESTABILITY = YES;
				GCC_C_LANGUAGE_STANDARD = gnu11;
				GCC_DYNAMIC_NO_PIC = NO;
				GCC_NO_COMMON_BLOCKS = YES;
				GCC_OPTIMIZATION_LEVEL = 0;
				GCC_PREPROCESSOR_DEFINITIONS = (
					"DEBUG=1",
					"$(inherited)",
				);
				GCC_WARN_64_TO_32_BIT_CONVERSION = YES;
				GCC_WARN_ABOUT_RETURN_TYPE = YES_ERROR;
				GCC_WARN_UNDECLARED_SELECTOR = YES;
				GCC_WARN_UNINITIALIZED_AUTOS = YES_AGGRESSIVE;
				GCC_WARN_UNUSED_FUNCTION = YES;
				GCC_WARN_UNUSED_VARIABLE = YES;
				IPHONEOS_DEPLOYMENT_TARGET = 16.4;
				MTL_ENABLE_DEBUG_INFO = INCLUDE_SOURCE;
				MTL_FAST_MATH = YES;
				ONLY_ACTIVE_ARCH = YES;
				SDKROOT = iphoneos;
				SWIFT_ACTIVE_COMPILATION_CONDITIONS = DEBUG;
				SWIFT_OPTIMIZATION_LEVEL = "-Onone";
			};
			name = Debug;
		};
		875334302A4A1736002BAD7B /* Release */ = {
			isa = XCBuildConfiguration;
			buildSettings = {
				ALWAYS_SEARCH_USER_PATHS = NO;
				CLANG_ANALYZER_NONNULL = YES;
				CLANG_ANALYZER_NUMBER_OBJECT_CONVERSION = YES_AGGRESSIVE;
				CLANG_CXX_LANGUAGE_STANDARD = "gnu++20";
				CLANG_ENABLE_MODULES = YES;
				CLANG_ENABLE_OBJC_ARC = YES;
				CLANG_ENABLE_OBJC_WEAK = YES;
				CLANG_WARN_BLOCK_CAPTURE_AUTORELEASING = YES;
				CLANG_WARN_BOOL_CONVERSION = YES;
				CLANG_WARN_COMMA = YES;
				CLANG_WARN_CONSTANT_CONVERSION = YES;
				CLANG_WARN_DEPRECATED_OBJC_IMPLEMENTATIONS = YES;
				CLANG_WARN_DIRECT_OBJC_ISA_USAGE = YES_ERROR;
				CLANG_WARN_DOCUMENTATION_COMMENTS = YES;
				CLANG_WARN_EMPTY_BODY = YES;
				CLANG_WARN_ENUM_CONVERSION = YES;
				CLANG_WARN_INFINITE_RECURSION = YES;
				CLANG_WARN_INT_CONVERSION = YES;
				CLANG_WARN_NON_LITERAL_NULL_CONVERSION = YES;
				CLANG_WARN_OBJC_IMPLICIT_RETAIN_SELF = YES;
				CLANG_WARN_OBJC_LITERAL_CONVERSION = YES;
				CLANG_WARN_OBJC_ROOT_CLASS = YES_ERROR;
				CLANG_WARN_QUOTED_INCLUDE_IN_FRAMEWORK_HEADER = YES;
				CLANG_WARN_RANGE_LOOP_ANALYSIS = YES;
				CLANG_WARN_STRICT_PROTOTYPES = YES;
				CLANG_WARN_SUSPICIOUS_MOVE = YES;
				CLANG_WARN_UNGUARDED_AVAILABILITY = YES_AGGRESSIVE;
				CLANG_WARN_UNREACHABLE_CODE = YES;
				CLANG_WARN__DUPLICATE_METHOD_MATCH = YES;
				COPY_PHASE_STRIP = NO;
				DEBUG_INFORMATION_FORMAT = "dwarf-with-dsym";
				ENABLE_NS_ASSERTIONS = NO;
				ENABLE_STRICT_OBJC_MSGSEND = YES;
				GCC_C_LANGUAGE_STANDARD = gnu11;
				GCC_NO_COMMON_BLOCKS = YES;
				GCC_WARN_64_TO_32_BIT_CONVERSION = YES;
				GCC_WARN_ABOUT_RETURN_TYPE = YES_ERROR;
				GCC_WARN_UNDECLARED_SELECTOR = YES;
				GCC_WARN_UNINITIALIZED_AUTOS = YES_AGGRESSIVE;
				GCC_WARN_UNUSED_FUNCTION = YES;
				GCC_WARN_UNUSED_VARIABLE = YES;
				IPHONEOS_DEPLOYMENT_TARGET = 16.4;
				MTL_ENABLE_DEBUG_INFO = NO;
				MTL_FAST_MATH = YES;
				SDKROOT = iphoneos;
				SWIFT_COMPILATION_MODE = wholemodule;
				SWIFT_OPTIMIZATION_LEVEL = "-O";
				VALIDATE_PRODUCT = YES;
			};
			name = Release;
		};
		875334322A4A1736002BAD7B /* Debug */ = {
			isa = XCBuildConfiguration;
			buildSettings = {
				ASSETCATALOG_COMPILER_APPICON_NAME = AppIcon;
				ASSETCATALOG_COMPILER_GLOBAL_ACCENT_COLOR_NAME = AccentColor;
				CODE_SIGN_STYLE = Automatic;
				CURRENT_PROJECT_VERSION = 1;
				GENERATE_INFOPLIST_FILE = YES;
				INFOPLIST_FILE = MugAnimation/Info.plist;
				INFOPLIST_KEY_UIApplicationSupportsIndirectInputEvents = YES;
				INFOPLIST_KEY_UILaunchStoryboardName = LaunchScreen;
				INFOPLIST_KEY_UIMainStoryboardFile = Main;
				INFOPLIST_KEY_UISupportedInterfaceOrientations_iPad = "UIInterfaceOrientationPortrait UIInterfaceOrientationPortraitUpsideDown UIInterfaceOrientationLandscapeLeft UIInterfaceOrientationLandscapeRight";
				INFOPLIST_KEY_UISupportedInterfaceOrientations_iPhone = "UIInterfaceOrientationPortrait UIInterfaceOrientationLandscapeLeft UIInterfaceOrientationLandscapeRight";
				LD_RUNPATH_SEARCH_PATHS = (
					"$(inherited)",
					"@executable_path/Frameworks",
				);
				MARKETING_VERSION = 1.0;
				PRODUCT_BUNDLE_IDENTIFIER = br.com.MugAnimation;
				PRODUCT_NAME = "$(TARGET_NAME)";
				SWIFT_EMIT_LOC_STRINGS = YES;
				SWIFT_VERSION = 5.0;
				TARGETED_DEVICE_FAMILY = "1,2";
			};
			name = Debug;
		};
		875334332A4A1736002BAD7B /* Release */ = {
			isa = XCBuildConfiguration;
			buildSettings = {
				ASSETCATALOG_COMPILER_APPICON_NAME = AppIcon;
				ASSETCATALOG_COMPILER_GLOBAL_ACCENT_COLOR_NAME = AccentColor;
				CODE_SIGN_STYLE = Automatic;
				CURRENT_PROJECT_VERSION = 1;
				GENERATE_INFOPLIST_FILE = YES;
				INFOPLIST_FILE = MugAnimation/Info.plist;
				INFOPLIST_KEY_UIApplicationSupportsIndirectInputEvents = YES;
				INFOPLIST_KEY_UILaunchStoryboardName = LaunchScreen;
				INFOPLIST_KEY_UIMainStoryboardFile = Main;
				INFOPLIST_KEY_UISupportedInterfaceOrientations_iPad = "UIInterfaceOrientationPortrait UIInterfaceOrientationPortraitUpsideDown UIInterfaceOrientationLandscapeLeft UIInterfaceOrientationLandscapeRight";
				INFOPLIST_KEY_UISupportedInterfaceOrientations_iPhone = "UIInterfaceOrientationPortrait UIInterfaceOrientationLandscapeLeft UIInterfaceOrientationLandscapeRight";
				LD_RUNPATH_SEARCH_PATHS = (
					"$(inherited)",
					"@executable_path/Frameworks",
				);
				MARKETING_VERSION = 1.0;
				PRODUCT_BUNDLE_IDENTIFIER = br.com.MugAnimation;
				PRODUCT_NAME = "$(TARGET_NAME)";
				SWIFT_EMIT_LOC_STRINGS = YES;
				SWIFT_VERSION = 5.0;
				TARGETED_DEVICE_FAMILY = "1,2";
			};
			name = Release;
		};
/* End XCBuildConfiguration section */

/* Begin XCConfigurationList section */
		875334182A4A1736002BAD7B /* Build configuration list for PBXProject "MugAnimation" */ = {
			isa = XCConfigurationList;
			buildConfigurations = (
				8753342F2A4A1736002BAD7B /* Debug */,
				875334302A4A1736002BAD7B /* Release */,
			);
			defaultConfigurationIsVisible = 0;
			defaultConfigurationName = Release;
		};
		875334312A4A1736002BAD7B /* Build configuration list for PBXNativeTarget "MugAnimation" */ = {
			isa = XCConfigurationList;
			buildConfigurations = (
				875334322A4A1736002BAD7B /* Debug */,
				875334332A4A1736002BAD7B /* Release */,
			);
			defaultConfigurationIsVisible = 0;
			defaultConfigurationName = Release;
		};
/* End XCConfigurationList section */
	};
	rootObject = 875334152A4A1736002BAD7B /* Project object */;
}
