// !$*UTF8*$!
{
	archiveVersion = 1;
	classes = {
	};
	objectVersion = 55;
	objects = {

/* Begin PBXBuildFile section */
		879390EF28CBEB610071F307 /* AppDelegate.swift in Sources */ = {isa = PBXBuildFile; fileRef = 879390EE28CBEB610071F307 /* AppDelegate.swift */; };
		879390F128CBEB610071F307 /* SceneDelegate.swift in Sources */ = {isa = PBXBuildFile; fileRef = 879390F028CBEB610071F307 /* SceneDelegate.swift */; };
		879390F828CBEB620071F307 /* Assets.xcassets in Resources */ = {isa = PBXBuildFile; fileRef = 879390F728CBEB620071F307 /* Assets.xcassets */; };
		879390FB28CBEB620071F307 /* LaunchScreen.storyboard in Resources */ = {isa = PBXBuildFile; fileRef = 879390F928CBEB620071F307 /* LaunchScreen.storyboard */; };
		8793910628CBEC9D0071F307 /* DashViewController.swift in Sources */ = {isa = PBXBuildFile; fileRef = 8793910528CBEC9D0071F307 /* DashViewController.swift */; };
		8793910828CBECA60071F307 /* AccountViewController.swift in Sources */ = {isa = PBXBuildFile; fileRef = 8793910728CBECA60071F307 /* AccountViewController.swift */; };
		8793910D28CBEDF90071F307 /* ViewProtocol.swift in Sources */ = {isa = PBXBuildFile; fileRef = 8793910C28CBEDF90071F307 /* ViewProtocol.swift */; };
		8793911028CBEFE00071F307 /* BalanceView.swift in Sources */ = {isa = PBXBuildFile; fileRef = 8793910F28CBEFE00071F307 /* BalanceView.swift */; };
		8793911228CBF0320071F307 /* SummaryView.swift in Sources */ = {isa = PBXBuildFile; fileRef = 8793911128CBF0320071F307 /* SummaryView.swift */; };
		8793911628CBF0930071F307 /* Label.swift in Sources */ = {isa = PBXBuildFile; fileRef = 8793911528CBF0930071F307 /* Label.swift */; };
		8793911928CBF29A0071F307 /* LabelStyles.swift in Sources */ = {isa = PBXBuildFile; fileRef = 8793911828CBF29A0071F307 /* LabelStyles.swift */; };
		87FC5B2D2A41D6AE002F8CB6 /* TabbarViewController.swift in Sources */ = {isa = PBXBuildFile; fileRef = 87FC5B2C2A41D6AE002F8CB6 /* TabbarViewController.swift */; };
		87FC5B2F2A41D6B4002F8CB6 /* FlowNavigationController.swift in Sources */ = {isa = PBXBuildFile; fileRef = 87FC5B2E2A41D6B4002F8CB6 /* FlowNavigationController.swift */; };
/* End PBXBuildFile section */

/* Begin PBXFileReference section */
		879390EB28CBEB610071F307 /* TransitionDelegate.app */ = {isa = PBXFileReference; explicitFileType = wrapper.application; includeInIndex = 0; path = TransitionDelegate.app; sourceTree = BUILT_PRODUCTS_DIR; };
		879390EE28CBEB610071F307 /* AppDelegate.swift */ = {isa = PBXFileReference; lastKnownFileType = sourcecode.swift; path = AppDelegate.swift; sourceTree = "<group>"; };
		879390F028CBEB610071F307 /* SceneDelegate.swift */ = {isa = PBXFileReference; lastKnownFileType = sourcecode.swift; path = SceneDelegate.swift; sourceTree = "<group>"; };
		879390F728CBEB620071F307 /* Assets.xcassets */ = {isa = PBXFileReference; lastKnownFileType = folder.assetcatalog; path = Assets.xcassets; sourceTree = "<group>"; };
		879390FA28CBEB620071F307 /* Base */ = {isa = PBXFileReference; lastKnownFileType = file.storyboard; name = Base; path = Base.lproj/LaunchScreen.storyboard; sourceTree = "<group>"; };
		879390FC28CBEB620071F307 /* Info.plist */ = {isa = PBXFileReference; lastKnownFileType = text.plist.xml; path = Info.plist; sourceTree = "<group>"; };
		8793910528CBEC9D0071F307 /* DashViewController.swift */ = {isa = PBXFileReference; lastKnownFileType = sourcecode.swift; path = DashViewController.swift; sourceTree = "<group>"; };
		8793910728CBECA60071F307 /* AccountViewController.swift */ = {isa = PBXFileReference; lastKnownFileType = sourcecode.swift; path = AccountViewController.swift; sourceTree = "<group>"; };
		8793910C28CBEDF90071F307 /* ViewProtocol.swift */ = {isa = PBXFileReference; lastKnownFileType = sourcecode.swift; path = ViewProtocol.swift; sourceTree = "<group>"; };
		8793910F28CBEFE00071F307 /* BalanceView.swift */ = {isa = PBXFileReference; lastKnownFileType = sourcecode.swift; path = BalanceView.swift; sourceTree = "<group>"; };
		8793911128CBF0320071F307 /* SummaryView.swift */ = {isa = PBXFileReference; lastKnownFileType = sourcecode.swift; path = SummaryView.swift; sourceTree = "<group>"; };
		8793911528CBF0930071F307 /* Label.swift */ = {isa = PBXFileReference; lastKnownFileType = sourcecode.swift; path = Label.swift; sourceTree = "<group>"; };
		8793911828CBF29A0071F307 /* LabelStyles.swift */ = {isa = PBXFileReference; lastKnownFileType = sourcecode.swift; path = LabelStyles.swift; sourceTree = "<group>"; };
		87FC5B2C2A41D6AE002F8CB6 /* TabbarViewController.swift */ = {isa = PBXFileReference; lastKnownFileType = sourcecode.swift; path = TabbarViewController.swift; sourceTree = "<group>"; };
		87FC5B2E2A41D6B4002F8CB6 /* FlowNavigationController.swift */ = {isa = PBXFileReference; lastKnownFileType = sourcecode.swift; path = FlowNavigationController.swift; sourceTree = "<group>"; };
/* End PBXFileReference section */

/* Begin PBXFrameworksBuildPhase section */
		879390E828CBEB610071F307 /* Frameworks */ = {
			isa = PBXFrameworksBuildPhase;
			buildActionMask = 2147483647;
			files = (
			);
			runOnlyForDeploymentPostprocessing = 0;
		};
/* End PBXFrameworksBuildPhase section */

/* Begin PBXGroup section */
		879390E228CBEB610071F307 = {
			isa = PBXGroup;
			children = (
				879390ED28CBEB610071F307 /* TransitionDelegate */,
				879390EC28CBEB610071F307 /* Products */,
			);
			sourceTree = "<group>";
		};
		879390EC28CBEB610071F307 /* Products */ = {
			isa = PBXGroup;
			children = (
				879390EB28CBEB610071F307 /* TransitionDelegate.app */,
			);
			name = Products;
			sourceTree = "<group>";
		};
		879390ED28CBEB610071F307 /* TransitionDelegate */ = {
			isa = PBXGroup;
			children = (
				8793910B28CBEDF00071F307 /* DesignSystem */,
				8793910428CBEC670071F307 /* Views */,
				8793910328CBEC510071F307 /* AppDelegate */,
				8793910228CBEC4B0071F307 /* Resources */,
			);
			path = TransitionDelegate;
			sourceTree = "<group>";
		};
		8793910228CBEC4B0071F307 /* Resources */ = {
			isa = PBXGroup;
			children = (
				879390FC28CBEB620071F307 /* Info.plist */,
				879390F728CBEB620071F307 /* Assets.xcassets */,
				879390F928CBEB620071F307 /* LaunchScreen.storyboard */,
			);
			path = Resources;
			sourceTree = "<group>";
		};
		8793910328CBEC510071F307 /* AppDelegate */ = {
			isa = PBXGroup;
			children = (
				879390EE28CBEB610071F307 /* AppDelegate.swift */,
				879390F028CBEB610071F307 /* SceneDelegate.swift */,
			);
			path = AppDelegate;
			sourceTree = "<group>";
		};
		8793910428CBEC670071F307 /* Views */ = {
			isa = PBXGroup;
			children = (
				87FC5B2B2A41D6A1002F8CB6 /* Navigation */,
				87FC5B2A2A41D694002F8CB6 /* Account */,
				8793910E28CBEFD20071F307 /* Dash */,
			);
			path = Views;
			sourceTree = "<group>";
		};
		8793910B28CBEDF00071F307 /* DesignSystem */ = {
			isa = PBXGroup;
			children = (
				8793911728CBF28F0071F307 /* Label */,
				8793910C28CBEDF90071F307 /* ViewProtocol.swift */,
			);
			path = DesignSystem;
			sourceTree = "<group>";
		};
		8793910E28CBEFD20071F307 /* Dash */ = {
			isa = PBXGroup;
			children = (
				8793910528CBEC9D0071F307 /* DashViewController.swift */,
				8793910F28CBEFE00071F307 /* BalanceView.swift */,
				8793911128CBF0320071F307 /* SummaryView.swift */,
			);
			path = Dash;
			sourceTree = "<group>";
		};
		8793911728CBF28F0071F307 /* Label */ = {
			isa = PBXGroup;
			children = (
				8793911528CBF0930071F307 /* Label.swift */,
				8793911828CBF29A0071F307 /* LabelStyles.swift */,
			);
			path = Label;
			sourceTree = "<group>";
		};
		87FC5B2A2A41D694002F8CB6 /* Account */ = {
			isa = PBXGroup;
			children = (
				8793910728CBECA60071F307 /* AccountViewController.swift */,
			);
			path = Account;
			sourceTree = "<group>";
		};
		87FC5B2B2A41D6A1002F8CB6 /* Navigation */ = {
			isa = PBXGroup;
			children = (
				87FC5B2C2A41D6AE002F8CB6 /* TabbarViewController.swift */,
				87FC5B2E2A41D6B4002F8CB6 /* FlowNavigationController.swift */,
			);
			path = Navigation;
			sourceTree = "<group>";
		};
/* End PBXGroup section */

/* Begin PBXNativeTarget section */
		879390EA28CBEB610071F307 /* TransitionDelegate */ = {
			isa = PBXNativeTarget;
			buildConfigurationList = 879390FF28CBEB620071F307 /* Build configuration list for PBXNativeTarget "TransitionDelegate" */;
			buildPhases = (
				879390E728CBEB610071F307 /* Sources */,
				879390E828CBEB610071F307 /* Frameworks */,
				879390E928CBEB610071F307 /* Resources */,
			);
			buildRules = (
			);
			dependencies = (
			);
			name = TransitionDelegate;
			productName = TransitionDelegate;
			productReference = 879390EB28CBEB610071F307 /* TransitionDelegate.app */;
			productType = "com.apple.product-type.application";
		};
/* End PBXNativeTarget section */

/* Begin PBXProject section */
		879390E328CBEB610071F307 /* Project object */ = {
			isa = PBXProject;
			attributes = {
				BuildIndependentTargetsInParallel = 1;
				LastSwiftUpdateCheck = 1340;
				LastUpgradeCheck = 1340;
				TargetAttributes = {
					879390EA28CBEB610071F307 = {
						CreatedOnToolsVersion = 13.4.1;
					};
				};
			};
			buildConfigurationList = 879390E628CBEB610071F307 /* Build configuration list for PBXProject "TransitionDelegate" */;
			compatibilityVersion = "Xcode 13.0";
			developmentRegion = en;
			hasScannedForEncodings = 0;
			knownRegions = (
				en,
				Base,
			);
			mainGroup = 879390E228CBEB610071F307;
			productRefGroup = 879390EC28CBEB610071F307 /* Products */;
			projectDirPath = "";
			projectRoot = "";
			targets = (
				879390EA28CBEB610071F307 /* TransitionDelegate */,
			);
		};
/* End PBXProject section */

/* Begin PBXResourcesBuildPhase section */
		879390E928CBEB610071F307 /* Resources */ = {
			isa = PBXResourcesBuildPhase;
			buildActionMask = 2147483647;
			files = (
				879390FB28CBEB620071F307 /* LaunchScreen.storyboard in Resources */,
				879390F828CBEB620071F307 /* Assets.xcassets in Resources */,
			);
			runOnlyForDeploymentPostprocessing = 0;
		};
/* End PBXResourcesBuildPhase section */

/* Begin PBXSourcesBuildPhase section */
		879390E728CBEB610071F307 /* Sources */ = {
			isa = PBXSourcesBuildPhase;
			buildActionMask = 2147483647;
			files = (
				8793910828CBECA60071F307 /* AccountViewController.swift in Sources */,
				879390EF28CBEB610071F307 /* AppDelegate.swift in Sources */,
				8793911928CBF29A0071F307 /* LabelStyles.swift in Sources */,
				8793911628CBF0930071F307 /* Label.swift in Sources */,
				8793910628CBEC9D0071F307 /* DashViewController.swift in Sources */,
				87FC5B2F2A41D6B4002F8CB6 /* FlowNavigationController.swift in Sources */,
				8793910D28CBEDF90071F307 /* ViewProtocol.swift in Sources */,
				8793911028CBEFE00071F307 /* BalanceView.swift in Sources */,
				879390F128CBEB610071F307 /* SceneDelegate.swift in Sources */,
				87FC5B2D2A41D6AE002F8CB6 /* TabbarViewController.swift in Sources */,
				8793911228CBF0320071F307 /* SummaryView.swift in Sources */,
			);
			runOnlyForDeploymentPostprocessing = 0;
		};
/* End PBXSourcesBuildPhase section */

/* Begin PBXVariantGroup section */
		879390F928CBEB620071F307 /* LaunchScreen.storyboard */ = {
			isa = PBXVariantGroup;
			children = (
				879390FA28CBEB620071F307 /* Base */,
			);
			name = LaunchScreen.storyboard;
			sourceTree = "<group>";
		};
/* End PBXVariantGroup section */

/* Begin XCBuildConfiguration section */
		879390FD28CBEB620071F307 /* Debug */ = {
			isa = XCBuildConfiguration;
			buildSettings = {
				ALWAYS_SEARCH_USER_PATHS = NO;
				CLANG_ANALYZER_NONNULL = YES;
				CLANG_ANALYZER_NUMBER_OBJECT_CONVERSION = YES_AGGRESSIVE;
				CLANG_CXX_LANGUAGE_STANDARD = "gnu++17";
				CLANG_ENABLE_MODULES = YES;
				CLANG_ENABLE_OBJC_ARC = YES;
				CLANG_ENABLE_OBJC_WEAK = YES;
				CLANG_WARN_BLOCK_CAPTURE_AUTORELEASING = YES;
				CLANG_WARN_BOOL_CONVERSION = YES;
				CLANG_WARN_COMMA = YES;
				CLANG_WARN_CONSTANT_CONVERSION = YES;
				CLANG_WARN_DEPRECATED_OBJC_IMPLEMENTATIONS = YES;
				CLANG_WARN_DIRECT_OBJC_ISA_USAGE = YES_ERROR;
				CLANG_WARN_DOCUMENTATION_COMMENTS = YES;
				CLANG_WARN_EMPTY_BODY = YES;
				CLANG_WARN_ENUM_CONVERSION = YES;
				CLANG_WARN_INFINITE_RECURSION = YES;
				CLANG_WARN_INT_CONVERSION = YES;
				CLANG_WARN_NON_LITERAL_NULL_CONVERSION = YES;
				CLANG_WARN_OBJC_IMPLICIT_RETAIN_SELF = YES;
				CLANG_WARN_OBJC_LITERAL_CONVERSION = YES;
				CLANG_WARN_OBJC_ROOT_CLASS = YES_ERROR;
				CLANG_WARN_QUOTED_INCLUDE_IN_FRAMEWORK_HEADER = YES;
				CLANG_WARN_RANGE_LOOP_ANALYSIS = YES;
				CLANG_WARN_STRICT_PROTOTYPES = YES;
				CLANG_WARN_SUSPICIOUS_MOVE = YES;
				CLANG_WARN_UNGUARDED_AVAILABILITY = YES_AGGRESSIVE;
				CLANG_WARN_UNREACHABLE_CODE = YES;
				CLANG_WARN__DUPLICATE_METHOD_MATCH = YES;
				COPY_PHASE_STRIP = NO;
				DEBUG_INFORMATION_FORMAT = dwarf;
				ENABLE_STRICT_OBJC_MSGSEND = YES;
				ENABLE_TESTABILITY = YES;
				GCC_C_LANGUAGE_STANDARD = gnu11;
				GCC_DYNAMIC_NO_PIC = NO;
				GCC_NO_COMMON_BLOCKS = YES;
				GCC_OPTIMIZATION_LEVEL = 0;
				GCC_PREPROCESSOR_DEFINITIONS = (
					"DEBUG=1",
					"$(inherited)",
				);
				GCC_WARN_64_TO_32_BIT_CONVERSION = YES;
				GCC_WARN_ABOUT_RETURN_TYPE = YES_ERROR;
				GCC_WARN_UNDECLARED_SELECTOR = YES;
				GCC_WARN_UNINITIALIZED_AUTOS = YES_AGGRESSIVE;
				GCC_WARN_UNUSED_FUNCTION = YES;
				GCC_WARN_UNUSED_VARIABLE = YES;
				IPHONEOS_DEPLOYMENT_TARGET = 15.5;
				MTL_ENABLE_DEBUG_INFO = INCLUDE_SOURCE;
				MTL_FAST_MATH = YES;
				ONLY_ACTIVE_ARCH = YES;
				SDKROOT = iphoneos;
				SWIFT_ACTIVE_COMPILATION_CONDITIONS = DEBUG;
				SWIFT_OPTIMIZATION_LEVEL = "-Onone";
			};
			name = Debug;
		};
		879390FE28CBEB620071F307 /* Release */ = {
			isa = XCBuildConfiguration;
			buildSettings = {
				ALWAYS_SEARCH_USER_PATHS = NO;
				CLANG_ANALYZER_NONNULL = YES;
				CLANG_ANALYZER_NUMBER_OBJECT_CONVERSION = YES_AGGRESSIVE;
				CLANG_CXX_LANGUAGE_STANDARD = "gnu++17";
				CLANG_ENABLE_MODULES = YES;
				CLANG_ENABLE_OBJC_ARC = YES;
				CLANG_ENABLE_OBJC_WEAK = YES;
				CLANG_WARN_BLOCK_CAPTURE_AUTORELEASING = YES;
				CLANG_WARN_BOOL_CONVERSION = YES;
				CLANG_WARN_COMMA = YES;
				CLANG_WARN_CONSTANT_CONVERSION = YES;
				CLANG_WARN_DEPRECATED_OBJC_IMPLEMENTATIONS = YES;
				CLANG_WARN_DIRECT_OBJC_ISA_USAGE = YES_ERROR;
				CLANG_WARN_DOCUMENTATION_COMMENTS = YES;
				CLANG_WARN_EMPTY_BODY = YES;
				CLANG_WARN_ENUM_CONVERSION = YES;
				CLANG_WARN_INFINITE_RECURSION = YES;
				CLANG_WARN_INT_CONVERSION = YES;
				CLANG_WARN_NON_LITERAL_NULL_CONVERSION = YES;
				CLANG_WARN_OBJC_IMPLICIT_RETAIN_SELF = YES;
				CLANG_WARN_OBJC_LITERAL_CONVERSION = YES;
				CLANG_WARN_OBJC_ROOT_CLASS = YES_ERROR;
				CLANG_WARN_QUOTED_INCLUDE_IN_FRAMEWORK_HEADER = YES;
				CLANG_WARN_RANGE_LOOP_ANALYSIS = YES;
				CLANG_WARN_STRICT_PROTOTYPES = YES;
				CLANG_WARN_SUSPICIOUS_MOVE = YES;
				CLANG_WARN_UNGUARDED_AVAILABILITY = YES_AGGRESSIVE;
				CLANG_WARN_UNREACHABLE_CODE = YES;
				CLANG_WARN__DUPLICATE_METHOD_MATCH = YES;
				COPY_PHASE_STRIP = NO;
				DEBUG_INFORMATION_FORMAT = "dwarf-with-dsym";
				ENABLE_NS_ASSERTIONS = NO;
				ENABLE_STRICT_OBJC_MSGSEND = YES;
				GCC_C_LANGUAGE_STANDARD = gnu11;
				GCC_NO_COMMON_BLOCKS = YES;
				GCC_WARN_64_TO_32_BIT_CONVERSION = YES;
				GCC_WARN_ABOUT_RETURN_TYPE = YES_ERROR;
				GCC_WARN_UNDECLARED_SELECTOR = YES;
				GCC_WARN_UNINITIALIZED_AUTOS = YES_AGGRESSIVE;
				GCC_WARN_UNUSED_FUNCTION = YES;
				GCC_WARN_UNUSED_VARIABLE = YES;
				IPHONEOS_DEPLOYMENT_TARGET = 15.5;
				MTL_ENABLE_DEBUG_INFO = NO;
				MTL_FAST_MATH = YES;
				SDKROOT = iphoneos;
				SWIFT_COMPILATION_MODE = wholemodule;
				SWIFT_OPTIMIZATION_LEVEL = "-O";
				VALIDATE_PRODUCT = YES;
			};
			name = Release;
		};
		8793910028CBEB620071F307 /* Debug */ = {
			isa = XCBuildConfiguration;
			buildSettings = {
				ASSETCATALOG_COMPILER_APPICON_NAME = AppIcon;
				ASSETCATALOG_COMPILER_GLOBAL_ACCENT_COLOR_NAME = AccentColor;
				CODE_SIGN_STYLE = Automatic;
				CURRENT_PROJECT_VERSION = 1;
				GENERATE_INFOPLIST_FILE = YES;
				INFOPLIST_FILE = TransitionDelegate/Resources/Info.plist;
				INFOPLIST_KEY_UIApplicationSupportsIndirectInputEvents = YES;
				INFOPLIST_KEY_UILaunchStoryboardName = LaunchScreen;
				INFOPLIST_KEY_UISupportedInterfaceOrientations_iPad = "UIInterfaceOrientationPortrait UIInterfaceOrientationPortraitUpsideDown UIInterfaceOrientationLandscapeLeft UIInterfaceOrientationLandscapeRight";
				INFOPLIST_KEY_UISupportedInterfaceOrientations_iPhone = "UIInterfaceOrientationPortrait UIInterfaceOrientationLandscapeLeft UIInterfaceOrientationLandscapeRight";
				LD_RUNPATH_SEARCH_PATHS = (
					"$(inherited)",
					"@executable_path/Frameworks",
				);
				MARKETING_VERSION = 1.0;
				PRODUCT_BUNDLE_IDENTIFIER = sample.TransitionDelegate;
				PRODUCT_NAME = "$(TARGET_NAME)";
				SWIFT_EMIT_LOC_STRINGS = YES;
				SWIFT_VERSION = 5.0;
				TARGETED_DEVICE_FAMILY = "1,2";
			};
			name = Debug;
		};
		8793910128CBEB620071F307 /* Release */ = {
			isa = XCBuildConfiguration;
			buildSettings = {
				ASSETCATALOG_COMPILER_APPICON_NAME = AppIcon;
				ASSETCATALOG_COMPILER_GLOBAL_ACCENT_COLOR_NAME = AccentColor;
				CODE_SIGN_STYLE = Automatic;
				CURRENT_PROJECT_VERSION = 1;
				GENERATE_INFOPLIST_FILE = YES;
				INFOPLIST_FILE = TransitionDelegate/Resources/Info.plist;
				INFOPLIST_KEY_UIApplicationSupportsIndirectInputEvents = YES;
				INFOPLIST_KEY_UILaunchStoryboardName = LaunchScreen;
				INFOPLIST_KEY_UISupportedInterfaceOrientations_iPad = "UIInterfaceOrientationPortrait UIInterfaceOrientationPortraitUpsideDown UIInterfaceOrientationLandscapeLeft UIInterfaceOrientationLandscapeRight";
				INFOPLIST_KEY_UISupportedInterfaceOrientations_iPhone = "UIInterfaceOrientationPortrait UIInterfaceOrientationLandscapeLeft UIInterfaceOrientationLandscapeRight";
				LD_RUNPATH_SEARCH_PATHS = (
					"$(inherited)",
					"@executable_path/Frameworks",
				);
				MARKETING_VERSION = 1.0;
				PRODUCT_BUNDLE_IDENTIFIER = sample.TransitionDelegate;
				PRODUCT_NAME = "$(TARGET_NAME)";
				SWIFT_EMIT_LOC_STRINGS = YES;
				SWIFT_VERSION = 5.0;
				TARGETED_DEVICE_FAMILY = "1,2";
			};
			name = Release;
		};
/* End XCBuildConfiguration section */

/* Begin XCConfigurationList section */
		879390E628CBEB610071F307 /* Build configuration list for PBXProject "TransitionDelegate" */ = {
			isa = XCConfigurationList;
			buildConfigurations = (
				879390FD28CBEB620071F307 /* Debug */,
				879390FE28CBEB620071F307 /* Release */,
			);
			defaultConfigurationIsVisible = 0;
			defaultConfigurationName = Release;
		};
		879390FF28CBEB620071F307 /* Build configuration list for PBXNativeTarget "TransitionDelegate" */ = {
			isa = XCConfigurationList;
			buildConfigurations = (
				8793910028CBEB620071F307 /* Debug */,
				8793910128CBEB620071F307 /* Release */,
			);
			defaultConfigurationIsVisible = 0;
			defaultConfigurationName = Release;
		};
/* End XCConfigurationList section */
	};
	rootObject = 879390E328CBEB610071F307 /* Project object */;
}
